
Microsoft Visual Studio Solution File, Format Version 12.00
# Visual Studio Express 15 for Windows Desktop
VisualStudioVersion = 15.0.28307.1145
MinimumVisualStudioVersion = 10.0.40219.1
Project("{8BC9CEB8-8B4A-11D0-8D11-00A0C91BC942}") = "WinApiPlus_Test", "WinApiPlus_Test\WinApiPlus_Test.vcxproj", "{5331ECCF-2F25-4EA4-ABD0-8A430CFD69D0}"
EndProject
Project("{8BC9CEB8-8B4A-11D0-8D11-00A0C91BC942}") = "WinApiPlus", "WinApiPlus\WinApiPlus.vcxproj", "{B69AC809-A58A-4CDC-B602-7BFEBA16A6C9}"
EndProject
Global
	GlobalSection(SolutionConfigurationPlatforms) = preSolution
		Debug|x64 = Debug|x64
		Debug|x86 = Debug|x86
		Release|x64 = Release|x64
		Release|x86 = Release|x86
	EndGlobalSection
	GlobalSection(ProjectConfigurationPlatforms) = postSolution
		{5331ECCF-2F25-4EA4-ABD0-8A430CFD69D0}.Debug|x64.ActiveCfg = Debug|x64
		{5331ECCF-2F25-4EA4-ABD0-8A430CFD69D0}.Debug|x64.Build.0 = Debug|x64
		{5331ECCF-2F25-4EA4-ABD0-8A430CFD69D0}.Debug|x86.ActiveCfg = Debug|Win32
		{5331ECCF-2F25-4EA4-ABD0-8A430CFD69D0}.Debug|x86.Build.0 = Debug|Win32
		{5331ECCF-2F25-4EA4-ABD0-8A430CFD69D0}.Release|x64.ActiveCfg = Release|x64
		{5331ECCF-2F25-4EA4-ABD0-8A430CFD69D0}.Release|x64.Build.0 = Release|x64
		{5331ECCF-2F25-4EA4-ABD0-8A430CFD69D0}.Release|x86.ActiveCfg = Release|Win32
		{5331ECCF-2F25-4EA4-ABD0-8A430CFD69D0}.Release|x86.Build.0 = Release|Win32
		{B69AC809-A58A-4CDC-B602-7BFEBA16A6C9}.Debug|x64.ActiveCfg = Debug|x64
		{B69AC809-A58A-4CDC-B602-7BFEBA16A6C9}.Debug|x64.Build.0 = Debug|x64
		{B69AC809-A58A-4CDC-B602-7BFEBA16A6C9}.Debug|x86.ActiveCfg = Debug|Win32
		{B69AC809-A58A-4CDC-B602-7BFEBA16A6C9}.Debug|x86.Build.0 = Debug|Win32
		{B69AC809-A58A-4CDC-B602-7BFEBA16A6C9}.Release|x64.ActiveCfg = Release|x64
		{B69AC809-A58A-4CDC-B602-7BFEBA16A6C9}.Release|x64.Build.0 = Release|x64
		{B69AC809-A58A-4CDC-B602-7BFEBA16A6C9}.Release|x86.ActiveCfg = Release|Win32
		{B69AC809-A58A-4CDC-B602-7BFEBA16A6C9}.Release|x86.Build.0 = Release|Win32
	EndGlobalSection
	GlobalSection(SolutionProperties) = preSolution
		HideSolutionNode = FALSE
	EndGlobalSection
	GlobalSection(ExtensibilityGlobals) = postSolution
		SolutionGuid = {F5CD86C8-6763-4023-9CC5-635B66EC9C86}
	EndGlobalSection
EndGlobal
